
Microsoft Visual Studio Solution File, Format Version 12.00
# Visual Studio Version 17
VisualStudioVersion = 17.9.34714.143
MinimumVisualStudioVersion = 10.0.40219.1
Project("{FAE04EC0-301F-11D3-BF4B-00C04F79EFBC}") = "MohaymenProject", "MohaymenProject\MohaymenProject.csproj", "{7F0EF8BC-452D-453E-9514-78728A7F5E42}"
EndProject
Global
	GlobalSection(SolutionConfigurationPlatforms) = preSolution
		Debug|Any CPU = Debug|Any CPU
		Release|Any CPU = Release|Any CPU
	EndGlobalSection
	GlobalSection(ProjectConfigurationPlatforms) = postSolution
		{7F0EF8BC-452D-453E-9514-78728A7F5E42}.Debug|Any CPU.ActiveCfg = Debug|Any CPU
		{7F0EF8BC-452D-453E-9514-78728A7F5E42}.Debug|Any CPU.Build.0 = Debug|Any CPU
		{7F0EF8BC-452D-453E-9514-78728A7F5E42}.Release|Any CPU.ActiveCfg = Release|Any CPU
		{7F0EF8BC-452D-453E-9514-78728A7F5E42}.Release|Any CPU.Build.0 = Release|Any CPU
	EndGlobalSection
	GlobalSection(SolutionProperties) = preSolution
		HideSolutionNode = FALSE
	EndGlobalSection
	GlobalSection(ExtensibilityGlobals) = postSolution
		SolutionGuid = {C3E47C5B-02B9-4A0C-999B-76309949971C}
	EndGlobalSection
EndGlobal
